
Microsoft Visual Studio Solution File, Format Version 12.00
# Visual Studio Version 17
VisualStudioVersion = 17.5.33516.290
MinimumVisualStudioVersion = 10.0.40219.1
Project("{FAE04EC0-301F-11D3-BF4B-00C04F79EFBC}") = "OnlineResume", "OnlineResume.csproj", "{852E6FD6-177F-49D8-B38A-F50D59DFC321}"
EndProject
Global
	GlobalSection(SolutionConfigurationPlatforms) = preSolution
		Debug|Any CPU = Debug|Any CPU
		Release|Any CPU = Release|Any CPU
	EndGlobalSection
	GlobalSection(ProjectConfigurationPlatforms) = postSolution
		{852E6FD6-177F-49D8-B38A-F50D59DFC321}.Debug|Any CPU.ActiveCfg = Debug|Any CPU
		{852E6FD6-177F-49D8-B38A-F50D59DFC321}.Debug|Any CPU.Build.0 = Debug|Any CPU
		{852E6FD6-177F-49D8-B38A-F50D59DFC321}.Release|Any CPU.ActiveCfg = Release|Any CPU
		{852E6FD6-177F-49D8-B38A-F50D59DFC321}.Release|Any CPU.Build.0 = Release|Any CPU
	EndGlobalSection
	GlobalSection(SolutionProperties) = preSolution
		HideSolutionNode = FALSE
	EndGlobalSection
	GlobalSection(ExtensibilityGlobals) = postSolution
		SolutionGuid = {F1F9ECEA-E402-4868-BE06-B30B03BD1B7E}
	EndGlobalSection
EndGlobal
